// !$*UTF8*$!
{
	archiveVersion = 1;
	classes = {
	};
	objectVersion = 46;
	objects = {

/* Begin PBXBuildFile section */
		2F62F7965EF4C6883A0205D6 /* glad_gl.c in Sources */ = {isa = PBXBuildFile; fileRef = 1440675EB72E8E1046546D9E /* glad_gl.c */; };
		6967D71C62CDD88E5669355C /* mesh.c in Sources */ = {isa = PBXBuildFile; fileRef = 4BE1C884EF2D51B609FE1EC4 /* mesh.c */; };
		CD6F69C5AC12053760F40805 /* OpenGL.framework in Frameworks */ = {isa = PBXBuildFile; fileRef = 7F11C5CD7EB4A8FFB9095C0D /* OpenGL.framework */; };
		DC48EBA2D5AEED14C94A49E2 /* file.c in Sources */ = {isa = PBXBuildFile; fileRef = 97FCCBAA3B4854DC561921EA /* file.c */; };
		F04FBB30EA1177A224107970 /* main_win32.c in Sources */ = {isa = PBXBuildFile; fileRef = 8A122B58D2830F8A1721E198 /* main_win32.c */; };
/* End PBXBuildFile section */

/* Begin PBXFileReference section */
		1440675EB72E8E1046546D9E /* glad_gl.c */ = {isa = PBXFileReference; lastKnownFileType = sourcecode.c.c; name = glad_gl.c; path = source/glad_gl.c; sourceTree = "<group>"; };
		49EB923F4A9E8F31BE80607F /* SublimeClang */ = {isa = PBXFileReference; explicitFileType = "compiled.mach-o.executable"; includeInIndex = 0; name = SublimeClang; path = SublimeClang; sourceTree = BUILT_PRODUCTS_DIR; };
		4BE1C884EF2D51B609FE1EC4 /* mesh.c */ = {isa = PBXFileReference; lastKnownFileType = sourcecode.c.c; name = mesh.c; path = source/mesh.c; sourceTree = "<group>"; };
		5C2051B85F9123EAE0FDC7F8 /* mat4x4.h */ = {isa = PBXFileReference; lastKnownFileType = sourcecode.c.h; name = mat4x4.h; path = source/mat4x4.h; sourceTree = "<group>"; };
		7CA167CE1FECF1003ABDBE0E /* mesh.h */ = {isa = PBXFileReference; lastKnownFileType = sourcecode.c.h; name = mesh.h; path = source/mesh.h; sourceTree = "<group>"; };
		7F11C5CD7EB4A8FFB9095C0D /* OpenGL.framework */ = {isa = PBXFileReference; lastKnownFileType = wrapper.framework; name = OpenGL.framework; path = System/Library/Frameworks//Library/Frameworks/OpenGL.framework; sourceTree = SDKROOT; };
		8A122B58D2830F8A1721E198 /* main_win32.c */ = {isa = PBXFileReference; lastKnownFileType = sourcecode.c.c; name = main_win32.c; path = source/main_win32.c; sourceTree = "<group>"; };
		97FCCBAA3B4854DC561921EA /* file.c */ = {isa = PBXFileReference; lastKnownFileType = sourcecode.c.c; name = file.c; path = source/file.c; sourceTree = "<group>"; };
		990D69EE3BFB90A0CB21702E /* linmath.h */ = {isa = PBXFileReference; lastKnownFileType = sourcecode.c.h; name = linmath.h; path = source/linmath.h; sourceTree = "<group>"; };
		B0CD4FF2E2C69AA45CA5D632 /* stretchy_buffer.h */ = {isa = PBXFileReference; lastKnownFileType = sourcecode.c.h; name = stretchy_buffer.h; path = source/stretchy_buffer.h; sourceTree = "<group>"; };
		B1CB73D85516FD0A6FE7CA18 /* vec4.h */ = {isa = PBXFileReference; lastKnownFileType = sourcecode.c.h; name = vec4.h; path = source/vec4.h; sourceTree = "<group>"; };
		C8BC6AF46C07F42686D8C134 /* file.h */ = {isa = PBXFileReference; lastKnownFileType = sourcecode.c.h; name = file.h; path = source/file.h; sourceTree = "<group>"; };
/* End PBXFileReference section */

/* Begin PBXFrameworksBuildPhase section */
		D288402F012E94215A6FEE6F /* Frameworks */ = {
			isa = PBXFrameworksBuildPhase;
			buildActionMask = 2147483647;
			files = (
				CD6F69C5AC12053760F40805 /* OpenGL.framework in Frameworks */,
			);
			runOnlyForDeploymentPostprocessing = 0;
		};
/* End PBXFrameworksBuildPhase section */

/* Begin PBXGroup section */
		345DDE76E0C09EA89F4914B6 /* SublimeClang */ = {
			isa = PBXGroup;
			children = (
				97FCCBAA3B4854DC561921EA /* file.c */,
				C8BC6AF46C07F42686D8C134 /* file.h */,
				1440675EB72E8E1046546D9E /* glad_gl.c */,
				990D69EE3BFB90A0CB21702E /* linmath.h */,
				8A122B58D2830F8A1721E198 /* main_win32.c */,
				5C2051B85F9123EAE0FDC7F8 /* mat4x4.h */,
				4BE1C884EF2D51B609FE1EC4 /* mesh.c */,
				7CA167CE1FECF1003ABDBE0E /* mesh.h */,
				B0CD4FF2E2C69AA45CA5D632 /* stretchy_buffer.h */,
				B1CB73D85516FD0A6FE7CA18 /* vec4.h */,
				BBF76781A7E87333FA200DC1 /* Frameworks */,
				A6C936B49B3FADE6EA134CF4 /* Products */,
			);
			name = SublimeClang;
			sourceTree = "<group>";
		};
		A6C936B49B3FADE6EA134CF4 /* Products */ = {
			isa = PBXGroup;
			children = (
				49EB923F4A9E8F31BE80607F /* SublimeClang */,
			);
			name = Products;
			sourceTree = "<group>";
		};
		BBF76781A7E87333FA200DC1 /* Frameworks */ = {
			isa = PBXGroup;
			children = (
				7F11C5CD7EB4A8FFB9095C0D /* OpenGL.framework */,
			);
			name = Frameworks;
			sourceTree = "<group>";
		};
/* End PBXGroup section */

/* Begin PBXNativeTarget section */
		045A9E45A748C4F7366EA485 /* SublimeClang */ = {
			isa = PBXNativeTarget;
			buildConfigurationList = C0C3888EEF69DC8048AB36CE /* Build configuration list for PBXNativeTarget "SublimeClang" */;
			buildPhases = (
				426FC0CF711614C1CA576F0F /* Resources */,
				AC1CDA26DAC32E1834048866 /* Sources */,
				D288402F012E94215A6FEE6F /* Frameworks */,
			);
			buildRules = (
			);
			dependencies = (
			);
			name = SublimeClang;
			productInstallPath = "$(HOME)/bin";
			productName = SublimeClang;
			productReference = 49EB923F4A9E8F31BE80607F /* SublimeClang */;
			productType = "com.apple.product-type.tool";
		};
/* End PBXNativeTarget section */

/* Begin PBXProject section */
		08FB7793FE84155DC02AAC07 /* Project object */ = {
			isa = PBXProject;
			buildConfigurationList = 1DEB928908733DD80010E9CD /* Build configuration list for PBXProject "SublimeClang" */;
			compatibilityVersion = "Xcode 3.2";
			hasScannedForEncodings = 1;
			mainGroup = 345DDE76E0C09EA89F4914B6 /* SublimeClang */;
			projectDirPath = "";
			projectRoot = "";
			targets = (
				045A9E45A748C4F7366EA485 /* SublimeClang */,
			);
		};
/* End PBXProject section */

/* Begin PBXResourcesBuildPhase section */
		426FC0CF711614C1CA576F0F /* Resources */ = {
			isa = PBXResourcesBuildPhase;
			buildActionMask = 2147483647;
			files = (
			);
			runOnlyForDeploymentPostprocessing = 0;
		};
/* End PBXResourcesBuildPhase section */

/* Begin PBXSourcesBuildPhase section */
		AC1CDA26DAC32E1834048866 /* Sources */ = {
			isa = PBXSourcesBuildPhase;
			buildActionMask = 2147483647;
			files = (
				DC48EBA2D5AEED14C94A49E2 /* file.c in Sources */,
				2F62F7965EF4C6883A0205D6 /* glad_gl.c in Sources */,
				F04FBB30EA1177A224107970 /* main_win32.c in Sources */,
				6967D71C62CDD88E5669355C /* mesh.c in Sources */,
			);
			runOnlyForDeploymentPostprocessing = 0;
		};
/* End PBXSourcesBuildPhase section */

/* Begin PBXVariantGroup section */
/* End PBXVariantGroup section */

/* Begin XCBuildConfiguration section */
		2407D33F24BAD031989CA17F /* Release */ = {
			isa = XCBuildConfiguration;
			buildSettings = {
				CLANG_CXX_LANGUAGE_STANDARD = (
					"c++11",
				);
				CLANG_CXX_LIBRARY = (
					"libc++",
				);
				CLANG_ENABLE_OBJC_WEAK = (
					YES,
				);
				CLANG_WARN_BLOCK_CAPTURE_AUTORELEASING = (
					YES,
				);
				CLANG_WARN_BOOL_CONVERSION = (
					YES,
				);
				CLANG_WARN_COMMA = (
					YES,
				);
				CLANG_WARN_CONSTANT_CONVERSION = (
					YES,
				);
				CLANG_WARN_DEPRECATED_OBJC_IMPLEMENTATIONS = (
					YES,
				);
				CLANG_WARN_EMPTY_BODY = (
					YES,
				);
				CLANG_WARN_ENUM_CONVERSION = (
					YES,
				);
				CLANG_WARN_INFINITE_RECURSION = (
					YES,
				);
				CLANG_WARN_INT_CONVERSION = (
					YES,
				);
				CLANG_WARN_NON_LITERAL_NULL_CONVERSION = (
					YES,
				);
				CLANG_WARN_OBJC_IMPLICIT_RETAIN_SELF = (
					YES,
				);
				CLANG_WARN_OBJC_LITERAL_CONVERSION = (
					YES,
				);
				CLANG_WARN_QUOTED_INCLUDE_IN_FRAMEWORK_HEADER = (
					YES,
				);
				CLANG_WARN_RANGE_LOOP_ANALYSIS = (
					YES,
				);
				CLANG_WARN_STRICT_PROTOTYPES = (
					YES,
				);
				CLANG_WARN_SUSPICIOUS_MOVE = (
					YES,
				);
				CLANG_WARN_UNREACHABLE_CODE = (
					YES,
				);
				CLANG_WARN__DUPLICATE_METHOD_MATCH = (
					YES,
				);
				CODE_SIGN_IDENTITY = (
					"-",
				);
				CONFIGURATION_BUILD_DIR = "$(SYMROOT)";
				CONFIGURATION_TEMP_DIR = "$(OBJROOT)";
				ENABLE_STRICT_OBJC_MSGSEND = (
					YES,
				);
				GCC_C_LANGUAGE_STANDARD = (
					c11,
				);
				GCC_NO_COMMON_BLOCKS = (
					YES,
				);
				GCC_OPTIMIZATION_LEVEL = fast;
				GCC_PREPROCESSOR_DEFINITIONS = (
					_CRT_SECURE_NO_WARNINGS,
					MACOS,
					ARM64,
					RE_PLATFORM_MACOS,
					NDEBUG,
				);
				GCC_SYMBOLS_PRIVATE_EXTERN = NO;
				GCC_WARN_64_TO_32_BIT_CONVERSION = (
					YES,
				);
				GCC_WARN_ABOUT_RETURN_TYPE = YES;
				GCC_WARN_UNDECLARED_SELECTOR = (
					YES,
				);
				GCC_WARN_UNINITIALIZED_AUTOS = (
					YES,
				);
				GCC_WARN_UNUSED_FUNCTION = (
					YES,
				);
				GCC_WARN_UNUSED_VARIABLE = YES;
				HEADER_SEARCH_PATHS = (
					"external/glfw-3.3/include",
					"external/glew-2.1.0/include",
					"external/glm-0.9.9.5",
					external,
					"$(inherited)",
				);
				LIBRARY_SEARCH_PATHS = (
					"external/glfw-3.3/lib-macos",
				);
				OBJROOT = obj/arm64/Release;
				ONLY_ACTIVE_ARCH = NO;
				OTHER_CFLAGS = (
					"-Xclang -flto-visibility-public-std -fblocks",
					"-std=c11 -gno-column-info -ffast-math -Xclang -flto-visibility-public-std",
				);
				OTHER_LDFLAGS = (
					"-lglfw3",
					"-g -gno-column-info -framework OpenGL -framework Cocoa -framework IOKit -framework CoreFoundation",
				);
				SDKROOT = (
					macosx,
				);
				SYMROOT = bin/Release;
				USER_HEADER_SEARCH_PATHS = (
					.,
				);
				VALIDATE_WORKSPACE_SKIPPED_SDK_FRAMEWORKS = (
					OpenGL,
				);
			};
			name = Release;
		};
		2AD3F3C59C5F0C374B603205 /* Debug */ = {
			isa = XCBuildConfiguration;
			buildSettings = {
				CLANG_CXX_LANGUAGE_STANDARD = (
					"c++11",
				);
				CLANG_CXX_LIBRARY = (
					"libc++",
				);
				CLANG_ENABLE_OBJC_WEAK = (
					YES,
				);
				CLANG_WARN_BLOCK_CAPTURE_AUTORELEASING = (
					YES,
				);
				CLANG_WARN_BOOL_CONVERSION = (
					YES,
				);
				CLANG_WARN_COMMA = (
					YES,
				);
				CLANG_WARN_CONSTANT_CONVERSION = (
					YES,
				);
				CLANG_WARN_DEPRECATED_OBJC_IMPLEMENTATIONS = (
					YES,
				);
				CLANG_WARN_EMPTY_BODY = (
					YES,
				);
				CLANG_WARN_ENUM_CONVERSION = (
					YES,
				);
				CLANG_WARN_INFINITE_RECURSION = (
					YES,
				);
				CLANG_WARN_INT_CONVERSION = (
					YES,
				);
				CLANG_WARN_NON_LITERAL_NULL_CONVERSION = (
					YES,
				);
				CLANG_WARN_OBJC_IMPLICIT_RETAIN_SELF = (
					YES,
				);
				CLANG_WARN_OBJC_LITERAL_CONVERSION = (
					YES,
				);
				CLANG_WARN_QUOTED_INCLUDE_IN_FRAMEWORK_HEADER = (
					YES,
				);
				CLANG_WARN_RANGE_LOOP_ANALYSIS = (
					YES,
				);
				CLANG_WARN_STRICT_PROTOTYPES = (
					YES,
				);
				CLANG_WARN_SUSPICIOUS_MOVE = (
					YES,
				);
				CLANG_WARN_UNREACHABLE_CODE = (
					YES,
				);
				CLANG_WARN__DUPLICATE_METHOD_MATCH = (
					YES,
				);
				CODE_SIGN_IDENTITY = (
					"-",
				);
				CONFIGURATION_BUILD_DIR = "$(SYMROOT)";
				CONFIGURATION_TEMP_DIR = "$(OBJROOT)";
				COPY_PHASE_STRIP = NO;
				ENABLE_STRICT_OBJC_MSGSEND = (
					YES,
				);
				ENABLE_TESTABILITY = (
					YES,
				);
				GCC_C_LANGUAGE_STANDARD = (
					c11,
				);
				GCC_NO_COMMON_BLOCKS = (
					YES,
				);
				GCC_OPTIMIZATION_LEVEL = 0;
				GCC_PREPROCESSOR_DEFINITIONS = (
					_CRT_SECURE_NO_WARNINGS,
					MACOS,
					ARM64,
					RE_PLATFORM_MACOS,
					_DEBUG,
				);
				GCC_SYMBOLS_PRIVATE_EXTERN = NO;
				GCC_WARN_64_TO_32_BIT_CONVERSION = (
					YES,
				);
				GCC_WARN_ABOUT_RETURN_TYPE = YES;
				GCC_WARN_UNDECLARED_SELECTOR = (
					YES,
				);
				GCC_WARN_UNINITIALIZED_AUTOS = (
					YES,
				);
				GCC_WARN_UNUSED_FUNCTION = (
					YES,
				);
				GCC_WARN_UNUSED_VARIABLE = YES;
				HEADER_SEARCH_PATHS = (
					"external/glfw-3.3/include",
					"external/glew-2.1.0/include",
					"external/glm-0.9.9.5",
					external,
					"$(inherited)",
				);
				LIBRARY_SEARCH_PATHS = (
					"external/glfw-3.3/lib-macos",
				);
				OBJROOT = obj/arm64/Debug;
				ONLY_ACTIVE_ARCH = YES;
				OTHER_CFLAGS = (
					"-Xclang -flto-visibility-public-std -fblocks",
					"-std=c11 -gno-column-info -ffast-math -Xclang -flto-visibility-public-std",
				);
				OTHER_LDFLAGS = (
					"-lglfw3",
					"-g -gno-column-info -framework OpenGL -framework Cocoa -framework IOKit -framework CoreFoundation",
				);
				SDKROOT = (
					macosx,
				);
				SYMROOT = bin/Debug;
				USER_HEADER_SEARCH_PATHS = (
					.,
				);
				VALIDATE_WORKSPACE_SKIPPED_SDK_FRAMEWORKS = (
					OpenGL,
				);
			};
			name = Debug;
		};
		6DCFE24EC91135C09C6B808E /* Release */ = {
			isa = XCBuildConfiguration;
			buildSettings = {
				ALWAYS_SEARCH_USER_PATHS = NO;
				CLANG_CXX_LANGUAGE_STANDARD = (
					"c++11",
				);
				CLANG_CXX_LIBRARY = (
					"libc++",
				);
				CLANG_ENABLE_OBJC_WEAK = (
					YES,
				);
				CLANG_WARN_BLOCK_CAPTURE_AUTORELEASING = (
					YES,
				);
				CLANG_WARN_BOOL_CONVERSION = (
					YES,
				);
				CLANG_WARN_COMMA = (
					YES,
				);
				CLANG_WARN_CONSTANT_CONVERSION = (
					YES,
				);
				CLANG_WARN_DEPRECATED_OBJC_IMPLEMENTATIONS = (
					YES,
				);
				CLANG_WARN_EMPTY_BODY = (
					YES,
				);
				CLANG_WARN_ENUM_CONVERSION = (
					YES,
				);
				CLANG_WARN_INFINITE_RECURSION = (
					YES,
				);
				CLANG_WARN_INT_CONVERSION = (
					YES,
				);
				CLANG_WARN_NON_LITERAL_NULL_CONVERSION = (
					YES,
				);
				CLANG_WARN_OBJC_IMPLICIT_RETAIN_SELF = (
					YES,
				);
				CLANG_WARN_OBJC_LITERAL_CONVERSION = (
					YES,
				);
				CLANG_WARN_QUOTED_INCLUDE_IN_FRAMEWORK_HEADER = (
					YES,
				);
				CLANG_WARN_RANGE_LOOP_ANALYSIS = (
					YES,
				);
				CLANG_WARN_STRICT_PROTOTYPES = (
					YES,
				);
				CLANG_WARN_SUSPICIOUS_MOVE = (
					YES,
				);
				CLANG_WARN_UNREACHABLE_CODE = (
					YES,
				);
				CLANG_WARN__DUPLICATE_METHOD_MATCH = (
					YES,
				);
				CODE_SIGN_IDENTITY = (
					"-",
				);
				CONFIGURATION_BUILD_DIR = bin/Release;
				DEBUG_INFORMATION_FORMAT = "dwarf-with-dsym";
				ENABLE_STRICT_OBJC_MSGSEND = (
					YES,
				);
				GCC_C_LANGUAGE_STANDARD = (
					c11,
				);
				GCC_DYNAMIC_NO_PIC = NO;
				GCC_NO_COMMON_BLOCKS = (
					YES,
				);
				GCC_WARN_64_TO_32_BIT_CONVERSION = (
					YES,
				);
				GCC_WARN_UNDECLARED_SELECTOR = (
					YES,
				);
				GCC_WARN_UNINITIALIZED_AUTOS = (
					YES,
				);
				GCC_WARN_UNUSED_FUNCTION = (
					YES,
				);
				INSTALL_PATH = /usr/local/bin;
				PRODUCT_NAME = SublimeClang;
				SDKROOT = (
					macosx,
				);
				VALIDATE_WORKSPACE_SKIPPED_SDK_FRAMEWORKS = (
					OpenGL,
				);
			};
			name = Release;
		};
		C8CAE254F85CB146D369F094 /* Debug */ = {
			isa = XCBuildConfiguration;
			buildSettings = {
				ALWAYS_SEARCH_USER_PATHS = NO;
				CLANG_CXX_LANGUAGE_STANDARD = (
					"c++11",
				);
				CLANG_CXX_LIBRARY = (
					"libc++",
				);
				CLANG_ENABLE_OBJC_WEAK = (
					YES,
				);
				CLANG_WARN_BLOCK_CAPTURE_AUTORELEASING = (
					YES,
				);
				CLANG_WARN_BOOL_CONVERSION = (
					YES,
				);
				CLANG_WARN_COMMA = (
					YES,
				);
				CLANG_WARN_CONSTANT_CONVERSION = (
					YES,
				);
				CLANG_WARN_DEPRECATED_OBJC_IMPLEMENTATIONS = (
					YES,
				);
				CLANG_WARN_EMPTY_BODY = (
					YES,
				);
				CLANG_WARN_ENUM_CONVERSION = (
					YES,
				);
				CLANG_WARN_INFINITE_RECURSION = (
					YES,
				);
				CLANG_WARN_INT_CONVERSION = (
					YES,
				);
				CLANG_WARN_NON_LITERAL_NULL_CONVERSION = (
					YES,
				);
				CLANG_WARN_OBJC_IMPLICIT_RETAIN_SELF = (
					YES,
				);
				CLANG_WARN_OBJC_LITERAL_CONVERSION = (
					YES,
				);
				CLANG_WARN_QUOTED_INCLUDE_IN_FRAMEWORK_HEADER = (
					YES,
				);
				CLANG_WARN_RANGE_LOOP_ANALYSIS = (
					YES,
				);
				CLANG_WARN_STRICT_PROTOTYPES = (
					YES,
				);
				CLANG_WARN_SUSPICIOUS_MOVE = (
					YES,
				);
				CLANG_WARN_UNREACHABLE_CODE = (
					YES,
				);
				CLANG_WARN__DUPLICATE_METHOD_MATCH = (
					YES,
				);
				CODE_SIGN_IDENTITY = (
					"-",
				);
				CONFIGURATION_BUILD_DIR = bin/Debug;
				DEBUG_INFORMATION_FORMAT = "dwarf-with-dsym";
				ENABLE_STRICT_OBJC_MSGSEND = (
					YES,
				);
				ENABLE_TESTABILITY = (
					YES,
				);
				GCC_C_LANGUAGE_STANDARD = (
					c11,
				);
				GCC_DYNAMIC_NO_PIC = NO;
				GCC_NO_COMMON_BLOCKS = (
					YES,
				);
				GCC_WARN_64_TO_32_BIT_CONVERSION = (
					YES,
				);
				GCC_WARN_UNDECLARED_SELECTOR = (
					YES,
				);
				GCC_WARN_UNINITIALIZED_AUTOS = (
					YES,
				);
				GCC_WARN_UNUSED_FUNCTION = (
					YES,
				);
				INSTALL_PATH = /usr/local/bin;
				PRODUCT_NAME = SublimeClang;
				SDKROOT = (
					macosx,
				);
				VALIDATE_WORKSPACE_SKIPPED_SDK_FRAMEWORKS = (
					OpenGL,
				);
			};
			name = Debug;
		};
/* End XCBuildConfiguration section */

/* Begin XCConfigurationList section */
		1DEB928908733DD80010E9CD /* Build configuration list for PBXProject "SublimeClang" */ = {
			isa = XCConfigurationList;
			buildConfigurations = (
				2AD3F3C59C5F0C374B603205 /* Debug */,
				2AD3F3C59C5F0C374B603205 /* Debug */,
				2407D33F24BAD031989CA17F /* Release */,
				2407D33F24BAD031989CA17F /* Release */,
			);
			defaultConfigurationIsVisible = 0;
			defaultConfigurationName = Debug;
		};
		C0C3888EEF69DC8048AB36CE /* Build configuration list for PBXNativeTarget "SublimeClang" */ = {
			isa = XCConfigurationList;
			buildConfigurations = (
				C8CAE254F85CB146D369F094 /* Debug */,
				C8CAE254F85CB146D369F094 /* Debug */,
				6DCFE24EC91135C09C6B808E /* Release */,
				6DCFE24EC91135C09C6B808E /* Release */,
			);
			defaultConfigurationIsVisible = 0;
			defaultConfigurationName = Debug;
		};
/* End XCConfigurationList section */
};
rootObject = 08FB7793FE84155DC02AAC07 /* Project object */;
}